
Microsoft Visual Studio Solution File, Format Version 12.00
# Visual Studio Version 17
VisualStudioVersion = 17.11.35327.3
MinimumVisualStudioVersion = 10.0.40219.1
Project("{FAE04EC0-301F-11D3-BF4B-00C04F79EFBC}") = "Задание 2-3 Марсель", "MetodHislo\Задание 2-3 Марсель.csproj", "{1DBD1833-5F3E-490F-A4D5-563537FEB3FB}"
EndProject
Project("{FAE04EC0-301F-11D3-BF4B-00C04F79EFBC}") = "Метод Зейделя 4-5задание Марсель", "Метод Зейделя 4-5задание Марсель\Метод Зейделя 4-5задание Марсель.csproj", "{C3800CD6-01B0-40A0-A1B6-9AE42E39FCE4}"
EndProject
Global
	GlobalSection(SolutionConfigurationPlatforms) = preSolution
		Debug|Any CPU = Debug|Any CPU
		Release|Any CPU = Release|Any CPU
	EndGlobalSection
	GlobalSection(ProjectConfigurationPlatforms) = postSolution
		{1DBD1833-5F3E-490F-A4D5-563537FEB3FB}.Debug|Any CPU.ActiveCfg = Debug|Any CPU
		{1DBD1833-5F3E-490F-A4D5-563537FEB3FB}.Debug|Any CPU.Build.0 = Debug|Any CPU
		{1DBD1833-5F3E-490F-A4D5-563537FEB3FB}.Release|Any CPU.ActiveCfg = Release|Any CPU
		{1DBD1833-5F3E-490F-A4D5-563537FEB3FB}.Release|Any CPU.Build.0 = Release|Any CPU
		{C3800CD6-01B0-40A0-A1B6-9AE42E39FCE4}.Debug|Any CPU.ActiveCfg = Debug|Any CPU
		{C3800CD6-01B0-40A0-A1B6-9AE42E39FCE4}.Debug|Any CPU.Build.0 = Debug|Any CPU
		{C3800CD6-01B0-40A0-A1B6-9AE42E39FCE4}.Release|Any CPU.ActiveCfg = Release|Any CPU
		{C3800CD6-01B0-40A0-A1B6-9AE42E39FCE4}.Release|Any CPU.Build.0 = Release|Any CPU
	EndGlobalSection
	GlobalSection(SolutionProperties) = preSolution
		HideSolutionNode = FALSE
	EndGlobalSection
	GlobalSection(ExtensibilityGlobals) = postSolution
		SolutionGuid = {0E2229BF-E933-442E-8571-FC6FF09B8230}
	EndGlobalSection
EndGlobal
